// !$*UTF8*$!
{
	archiveVersion = 1;
	classes = {
	};
	objectVersion = 50;
	objects = {

/* Begin PBXBuildFile section */
		DA1419D821BC4D9900E700A9 /* Notification+CoreDataClass.swift in Sources */ = {isa = PBXBuildFile; fileRef = DA1419D621BC4D9900E700A9 /* Notification+CoreDataClass.swift */; };
		DA1419D921BC4D9900E700A9 /* Notification+CoreDataProperties.swift in Sources */ = {isa = PBXBuildFile; fileRef = DA1419D721BC4D9900E700A9 /* Notification+CoreDataProperties.swift */; };
		DA1419DF21BD452B00E700A9 /* CustomSegementedControl.swift in Sources */ = {isa = PBXBuildFile; fileRef = DA1419DE21BD452B00E700A9 /* CustomSegementedControl.swift */; };
		DA99B00C21B294150084195E /* AppDelegate.swift in Sources */ = {isa = PBXBuildFile; fileRef = DA99B00B21B294150084195E /* AppDelegate.swift */; };
		DA99B00E21B294150084195E /* HomeVC.swift in Sources */ = {isa = PBXBuildFile; fileRef = DA99B00D21B294150084195E /* HomeVC.swift */; };
		DA99B01121B294150084195E /* Main.storyboard in Resources */ = {isa = PBXBuildFile; fileRef = DA99B00F21B294150084195E /* Main.storyboard */; };
		DA99B01421B294150084195E /* Noti.xcdatamodeld in Sources */ = {isa = PBXBuildFile; fileRef = DA99B01221B294150084195E /* Noti.xcdatamodeld */; };
		DA99B01621B294160084195E /* Assets.xcassets in Resources */ = {isa = PBXBuildFile; fileRef = DA99B01521B294160084195E /* Assets.xcassets */; };
		DA99B01921B294160084195E /* LaunchScreen.storyboard in Resources */ = {isa = PBXBuildFile; fileRef = DA99B01721B294160084195E /* LaunchScreen.storyboard */; };
		DA99B02421B29D0F0084195E /* NewNotifVC.swift in Sources */ = {isa = PBXBuildFile; fileRef = DA99B02321B29D0F0084195E /* NewNotifVC.swift */; };
		DA99B02621B2AA070084195E /* Extensions.swift in Sources */ = {isa = PBXBuildFile; fileRef = DA99B02521B2AA070084195E /* Extensions.swift */; };
		DAACBA9321BE752500D48DAF /* SettingsVC.swift in Sources */ = {isa = PBXBuildFile; fileRef = DAACBA9221BE752500D48DAF /* SettingsVC.swift */; };
		DAB27DF321B60625002A6EAE /* NotificationCell.swift in Sources */ = {isa = PBXBuildFile; fileRef = DAB27DF121B60625002A6EAE /* NotificationCell.swift */; };
		DAB27DF421B60625002A6EAE /* NotificationCell.xib in Resources */ = {isa = PBXBuildFile; fileRef = DAB27DF221B60625002A6EAE /* NotificationCell.xib */; };
		DAEBC63A21CFBAFC00533BD1 /* LocalPushManager.swift in Sources */ = {isa = PBXBuildFile; fileRef = DAEBC63921CFBAFC00533BD1 /* LocalPushManager.swift */; };
		DAFB5FCD21B3FE5300244F21 /* CreateNotifVC.swift in Sources */ = {isa = PBXBuildFile; fileRef = DAFB5FCC21B3FE5300244F21 /* CreateNotifVC.swift */; };
		DAFB5FCF21B4004600244F21 /* EditNotifVC.swift in Sources */ = {isa = PBXBuildFile; fileRef = DAFB5FCE21B4004600244F21 /* EditNotifVC.swift */; };
/* End PBXBuildFile section */

/* Begin PBXFileReference section */
		DA1419D621BC4D9900E700A9 /* Notification+CoreDataClass.swift */ = {isa = PBXFileReference; lastKnownFileType = sourcecode.swift; path = "Notification+CoreDataClass.swift"; sourceTree = "<group>"; };
		DA1419D721BC4D9900E700A9 /* Notification+CoreDataProperties.swift */ = {isa = PBXFileReference; lastKnownFileType = sourcecode.swift; path = "Notification+CoreDataProperties.swift"; sourceTree = "<group>"; };
		DA1419DE21BD452B00E700A9 /* CustomSegementedControl.swift */ = {isa = PBXFileReference; lastKnownFileType = sourcecode.swift; path = CustomSegementedControl.swift; sourceTree = "<group>"; };
		DA99B00821B294150084195E /* Noti.app */ = {isa = PBXFileReference; explicitFileType = wrapper.application; includeInIndex = 0; path = Noti.app; sourceTree = BUILT_PRODUCTS_DIR; };
		DA99B00B21B294150084195E /* AppDelegate.swift */ = {isa = PBXFileReference; lastKnownFileType = sourcecode.swift; path = AppDelegate.swift; sourceTree = "<group>"; };
		DA99B00D21B294150084195E /* HomeVC.swift */ = {isa = PBXFileReference; lastKnownFileType = sourcecode.swift; path = HomeVC.swift; sourceTree = "<group>"; };
		DA99B01021B294150084195E /* Base */ = {isa = PBXFileReference; lastKnownFileType = file.storyboard; name = Base; path = Base.lproj/Main.storyboard; sourceTree = "<group>"; };
		DA99B01321B294150084195E /* Noti.xcdatamodel */ = {isa = PBXFileReference; lastKnownFileType = wrapper.xcdatamodel; path = Noti.xcdatamodel; sourceTree = "<group>"; };
		DA99B01521B294160084195E /* Assets.xcassets */ = {isa = PBXFileReference; lastKnownFileType = folder.assetcatalog; path = Assets.xcassets; sourceTree = "<group>"; };
		DA99B01821B294160084195E /* Base */ = {isa = PBXFileReference; lastKnownFileType = file.storyboard; name = Base; path = Base.lproj/LaunchScreen.storyboard; sourceTree = "<group>"; };
		DA99B01A21B294160084195E /* Info.plist */ = {isa = PBXFileReference; lastKnownFileType = text.plist.xml; path = Info.plist; sourceTree = "<group>"; };
		DA99B02321B29D0F0084195E /* NewNotifVC.swift */ = {isa = PBXFileReference; lastKnownFileType = sourcecode.swift; path = NewNotifVC.swift; sourceTree = "<group>"; };
		DA99B02521B2AA070084195E /* Extensions.swift */ = {isa = PBXFileReference; lastKnownFileType = sourcecode.swift; path = Extensions.swift; sourceTree = "<group>"; };
		DAACBA9221BE752500D48DAF /* SettingsVC.swift */ = {isa = PBXFileReference; lastKnownFileType = sourcecode.swift; path = SettingsVC.swift; sourceTree = "<group>"; };
		DAB27DF121B60625002A6EAE /* NotificationCell.swift */ = {isa = PBXFileReference; lastKnownFileType = sourcecode.swift; path = NotificationCell.swift; sourceTree = "<group>"; };
		DAB27DF221B60625002A6EAE /* NotificationCell.xib */ = {isa = PBXFileReference; lastKnownFileType = file.xib; path = NotificationCell.xib; sourceTree = "<group>"; };
		DAEBC63921CFBAFC00533BD1 /* LocalPushManager.swift */ = {isa = PBXFileReference; lastKnownFileType = sourcecode.swift; path = LocalPushManager.swift; sourceTree = "<group>"; };
		DAFB5FCC21B3FE5300244F21 /* CreateNotifVC.swift */ = {isa = PBXFileReference; lastKnownFileType = sourcecode.swift; path = CreateNotifVC.swift; sourceTree = "<group>"; };
		DAFB5FCE21B4004600244F21 /* EditNotifVC.swift */ = {isa = PBXFileReference; lastKnownFileType = sourcecode.swift; path = EditNotifVC.swift; sourceTree = "<group>"; };
/* End PBXFileReference section */

/* Begin PBXFrameworksBuildPhase section */
		DA99B00521B294150084195E /* Frameworks */ = {
			isa = PBXFrameworksBuildPhase;
			buildActionMask = 2147483647;
			files = (
			);
			runOnlyForDeploymentPostprocessing = 0;
		};
/* End PBXFrameworksBuildPhase section */

/* Begin PBXGroup section */
		DA99AFFF21B294150084195E = {
			isa = PBXGroup;
			children = (
				DA99B00A21B294150084195E /* Noti */,
				DA99B00921B294150084195E /* Products */,
			);
			sourceTree = "<group>";
		};
		DA99B00921B294150084195E /* Products */ = {
			isa = PBXGroup;
			children = (
				DA99B00821B294150084195E /* Noti.app */,
			);
			name = Products;
			sourceTree = "<group>";
		};
		DA99B00A21B294150084195E /* Noti */ = {
			isa = PBXGroup;
			children = (
				DA99B02221B29C6D0084195E /* Model */,
				DA99B02121B29C5F0084195E /* View */,
				DA99B02021B29C590084195E /* Controller */,
				DA99B01521B294160084195E /* Assets.xcassets */,
				DA99B02521B2AA070084195E /* Extensions.swift */,
				DA99B01A21B294160084195E /* Info.plist */,
			);
			path = Noti;
			sourceTree = "<group>";
		};
		DA99B02021B29C590084195E /* Controller */ = {
			isa = PBXGroup;
			children = (
				DA99B00D21B294150084195E /* HomeVC.swift */,
				DA99B02321B29D0F0084195E /* NewNotifVC.swift */,
				DAFB5FCC21B3FE5300244F21 /* CreateNotifVC.swift */,
				DAFB5FCE21B4004600244F21 /* EditNotifVC.swift */,
				DAACBA9221BE752500D48DAF /* SettingsVC.swift */,
				DAEBC63921CFBAFC00533BD1 /* LocalPushManager.swift */,
				DA99B00B21B294150084195E /* AppDelegate.swift */,
			);
			path = Controller;
			sourceTree = "<group>";
		};
		DA99B02121B29C5F0084195E /* View */ = {
			isa = PBXGroup;
			children = (
				DAB27DF121B60625002A6EAE /* NotificationCell.swift */,
				DA1419DE21BD452B00E700A9 /* CustomSegementedControl.swift */,
				DA99B01721B294160084195E /* LaunchScreen.storyboard */,
				DA99B00F21B294150084195E /* Main.storyboard */,
				DAB27DF221B60625002A6EAE /* NotificationCell.xib */,
			);
			path = View;
			sourceTree = "<group>";
		};
		DA99B02221B29C6D0084195E /* Model */ = {
			isa = PBXGroup;
			children = (
				DA1419D621BC4D9900E700A9 /* Notification+CoreDataClass.swift */,
				DA1419D721BC4D9900E700A9 /* Notification+CoreDataProperties.swift */,
				DA99B01221B294150084195E /* Noti.xcdatamodeld */,
			);
			path = Model;
			sourceTree = "<group>";
		};
/* End PBXGroup section */

/* Begin PBXNativeTarget section */
		DA99B00721B294150084195E /* Noti */ = {
			isa = PBXNativeTarget;
			buildConfigurationList = DA99B01D21B294160084195E /* Build configuration list for PBXNativeTarget "Noti" */;
			buildPhases = (
				DA99B00421B294150084195E /* Sources */,
				DA99B00521B294150084195E /* Frameworks */,
				DA99B00621B294150084195E /* Resources */,
			);
			buildRules = (
			);
			dependencies = (
			);
			name = Noti;
			productName = Noti;
			productReference = DA99B00821B294150084195E /* Noti.app */;
			productType = "com.apple.product-type.application";
		};
/* End PBXNativeTarget section */

/* Begin PBXProject section */
		DA99B00021B294150084195E /* Project object */ = {
			isa = PBXProject;
			attributes = {
				LastSwiftUpdateCheck = 1010;
				LastUpgradeCheck = 1010;
				ORGANIZATIONNAME = SetiVega;
				TargetAttributes = {
					DA99B00721B294150084195E = {
						CreatedOnToolsVersion = 10.1;
						LastSwiftMigration = 1030;
					};
				};
			};
			buildConfigurationList = DA99B00321B294150084195E /* Build configuration list for PBXProject "Noti" */;
			compatibilityVersion = "Xcode 9.3";
			developmentRegion = en;
			hasScannedForEncodings = 0;
			knownRegions = (
				en,
				Base,
			);
			mainGroup = DA99AFFF21B294150084195E;
			productRefGroup = DA99B00921B294150084195E /* Products */;
			projectDirPath = "";
			projectRoot = "";
			targets = (
				DA99B00721B294150084195E /* Noti */,
			);
		};
/* End PBXProject section */

/* Begin PBXResourcesBuildPhase section */
		DA99B00621B294150084195E /* Resources */ = {
			isa = PBXResourcesBuildPhase;
			buildActionMask = 2147483647;
			files = (
				DAB27DF421B60625002A6EAE /* NotificationCell.xib in Resources */,
				DA99B01921B294160084195E /* LaunchScreen.storyboard in Resources */,
				DA99B01621B294160084195E /* Assets.xcassets in Resources */,
				DA99B01121B294150084195E /* Main.storyboard in Resources */,
			);
			runOnlyForDeploymentPostprocessing = 0;
		};
/* End PBXResourcesBuildPhase section */

/* Begin PBXSourcesBuildPhase section */
		DA99B00421B294150084195E /* Sources */ = {
			isa = PBXSourcesBuildPhase;
			buildActionMask = 2147483647;
			files = (
				DAACBA9321BE752500D48DAF /* SettingsVC.swift in Sources */,
				DA99B02621B2AA070084195E /* Extensions.swift in Sources */,
				DA1419DF21BD452B00E700A9 /* CustomSegementedControl.swift in Sources */,
				DAB27DF321B60625002A6EAE /* NotificationCell.swift in Sources */,
				DA99B01421B294150084195E /* Noti.xcdatamodeld in Sources */,
				DAEBC63A21CFBAFC00533BD1 /* LocalPushManager.swift in Sources */,
				DAFB5FCF21B4004600244F21 /* EditNotifVC.swift in Sources */,
				DAFB5FCD21B3FE5300244F21 /* CreateNotifVC.swift in Sources */,
				DA1419D821BC4D9900E700A9 /* Notification+CoreDataClass.swift in Sources */,
				DA99B00E21B294150084195E /* HomeVC.swift in Sources */,
				DA1419D921BC4D9900E700A9 /* Notification+CoreDataProperties.swift in Sources */,
				DA99B02421B29D0F0084195E /* NewNotifVC.swift in Sources */,
				DA99B00C21B294150084195E /* AppDelegate.swift in Sources */,
			);
			runOnlyForDeploymentPostprocessing = 0;
		};
/* End PBXSourcesBuildPhase section */

/* Begin PBXVariantGroup section */
		DA99B00F21B294150084195E /* Main.storyboard */ = {
			isa = PBXVariantGroup;
			children = (
				DA99B01021B294150084195E /* Base */,
			);
			name = Main.storyboard;
			sourceTree = "<group>";
		};
		DA99B01721B294160084195E /* LaunchScreen.storyboard */ = {
			isa = PBXVariantGroup;
			children = (
				DA99B01821B294160084195E /* Base */,
			);
			name = LaunchScreen.storyboard;
			sourceTree = "<group>";
		};
/* End PBXVariantGroup section */

/* Begin XCBuildConfiguration section */
		DA99B01B21B294160084195E /* Debug */ = {
			isa = XCBuildConfiguration;
			buildSettings = {
				ALWAYS_SEARCH_USER_PATHS = NO;
				CLANG_ANALYZER_NONNULL = YES;
				CLANG_ANALYZER_NUMBER_OBJECT_CONVERSION = YES_AGGRESSIVE;
				CLANG_CXX_LANGUAGE_STANDARD = "gnu++14";
				CLANG_CXX_LIBRARY = "libc++";
				CLANG_ENABLE_MODULES = YES;
				CLANG_ENABLE_OBJC_ARC = YES;
				CLANG_ENABLE_OBJC_WEAK = YES;
				CLANG_WARN_BLOCK_CAPTURE_AUTORELEASING = YES;
				CLANG_WARN_BOOL_CONVERSION = YES;
				CLANG_WARN_COMMA = YES;
				CLANG_WARN_CONSTANT_CONVERSION = YES;
				CLANG_WARN_DEPRECATED_OBJC_IMPLEMENTATIONS = YES;
				CLANG_WARN_DIRECT_OBJC_ISA_USAGE = YES_ERROR;
				CLANG_WARN_DOCUMENTATION_COMMENTS = YES;
				CLANG_WARN_EMPTY_BODY = YES;
				CLANG_WARN_ENUM_CONVERSION = YES;
				CLANG_WARN_INFINITE_RECURSION = YES;
				CLANG_WARN_INT_CONVERSION = YES;
				CLANG_WARN_NON_LITERAL_NULL_CONVERSION = YES;
				CLANG_WARN_OBJC_IMPLICIT_RETAIN_SELF = YES;
				CLANG_WARN_OBJC_LITERAL_CONVERSION = YES;
				CLANG_WARN_OBJC_ROOT_CLASS = YES_ERROR;
				CLANG_WARN_RANGE_LOOP_ANALYSIS = YES;
				CLANG_WARN_STRICT_PROTOTYPES = YES;
				CLANG_WARN_SUSPICIOUS_MOVE = YES;
				CLANG_WARN_UNGUARDED_AVAILABILITY = YES_AGGRESSIVE;
				CLANG_WARN_UNREACHABLE_CODE = YES;
				CLANG_WARN__DUPLICATE_METHOD_MATCH = YES;
				CODE_SIGN_IDENTITY = "iPhone Developer";
				COPY_PHASE_STRIP = NO;
				DEBUG_INFORMATION_FORMAT = dwarf;
				ENABLE_STRICT_OBJC_MSGSEND = YES;
				ENABLE_TESTABILITY = YES;
				GCC_C_LANGUAGE_STANDARD = gnu11;
				GCC_DYNAMIC_NO_PIC = NO;
				GCC_NO_COMMON_BLOCKS = YES;
				GCC_OPTIMIZATION_LEVEL = 0;
				GCC_PREPROCESSOR_DEFINITIONS = (
					"DEBUG=1",
					"$(inherited)",
				);
				GCC_WARN_64_TO_32_BIT_CONVERSION = YES;
				GCC_WARN_ABOUT_RETURN_TYPE = YES_ERROR;
				GCC_WARN_UNDECLARED_SELECTOR = YES;
				GCC_WARN_UNINITIALIZED_AUTOS = YES_AGGRESSIVE;
				GCC_WARN_UNUSED_FUNCTION = YES;
				GCC_WARN_UNUSED_VARIABLE = YES;
				IPHONEOS_DEPLOYMENT_TARGET = 12.1;
				MTL_ENABLE_DEBUG_INFO = INCLUDE_SOURCE;
				MTL_FAST_MATH = YES;
				ONLY_ACTIVE_ARCH = YES;
				SDKROOT = iphoneos;
				SWIFT_ACTIVE_COMPILATION_CONDITIONS = DEBUG;
				SWIFT_OPTIMIZATION_LEVEL = "-Onone";
			};
			name = Debug;
		};
		DA99B01C21B294160084195E /* Release */ = {
			isa = XCBuildConfiguration;
			buildSettings = {
				ALWAYS_SEARCH_USER_PATHS = NO;
				CLANG_ANALYZER_NONNULL = YES;
				CLANG_ANALYZER_NUMBER_OBJECT_CONVERSION = YES_AGGRESSIVE;
				CLANG_CXX_LANGUAGE_STANDARD = "gnu++14";
				CLANG_CXX_LIBRARY = "libc++";
				CLANG_ENABLE_MODULES = YES;
				CLANG_ENABLE_OBJC_ARC = YES;
				CLANG_ENABLE_OBJC_WEAK = YES;
				CLANG_WARN_BLOCK_CAPTURE_AUTORELEASING = YES;
				CLANG_WARN_BOOL_CONVERSION = YES;
				CLANG_WARN_COMMA = YES;
				CLANG_WARN_CONSTANT_CONVERSION = YES;
				CLANG_WARN_DEPRECATED_OBJC_IMPLEMENTATIONS = YES;
				CLANG_WARN_DIRECT_OBJC_ISA_USAGE = YES_ERROR;
				CLANG_WARN_DOCUMENTATION_COMMENTS = YES;
				CLANG_WARN_EMPTY_BODY = YES;
				CLANG_WARN_ENUM_CONVERSION = YES;
				CLANG_WARN_INFINITE_RECURSION = YES;
				CLANG_WARN_INT_CONVERSION = YES;
				CLANG_WARN_NON_LITERAL_NULL_CONVERSION = YES;
				CLANG_WARN_OBJC_IMPLICIT_RETAIN_SELF = YES;
				CLANG_WARN_OBJC_LITERAL_CONVERSION = YES;
				CLANG_WARN_OBJC_ROOT_CLASS = YES_ERROR;
				CLANG_WARN_RANGE_LOOP_ANALYSIS = YES;
				CLANG_WARN_STRICT_PROTOTYPES = YES;
				CLANG_WARN_SUSPICIOUS_MOVE = YES;
				CLANG_WARN_UNGUARDED_AVAILABILITY = YES_AGGRESSIVE;
				CLANG_WARN_UNREACHABLE_CODE = YES;
				CLANG_WARN__DUPLICATE_METHOD_MATCH = YES;
				CODE_SIGN_IDENTITY = "iPhone Developer";
				COPY_PHASE_STRIP = NO;
				DEBUG_INFORMATION_FORMAT = "dwarf-with-dsym";
				ENABLE_NS_ASSERTIONS = NO;
				ENABLE_STRICT_OBJC_MSGSEND = YES;
				GCC_C_LANGUAGE_STANDARD = gnu11;
				GCC_NO_COMMON_BLOCKS = YES;
				GCC_WARN_64_TO_32_BIT_CONVERSION = YES;
				GCC_WARN_ABOUT_RETURN_TYPE = YES_ERROR;
				GCC_WARN_UNDECLARED_SELECTOR = YES;
				GCC_WARN_UNINITIALIZED_AUTOS = YES_AGGRESSIVE;
				GCC_WARN_UNUSED_FUNCTION = YES;
				GCC_WARN_UNUSED_VARIABLE = YES;
				IPHONEOS_DEPLOYMENT_TARGET = 12.1;
				MTL_ENABLE_DEBUG_INFO = NO;
				MTL_FAST_MATH = YES;
				SDKROOT = iphoneos;
				SWIFT_COMPILATION_MODE = wholemodule;
				SWIFT_OPTIMIZATION_LEVEL = "-O";
				VALIDATE_PRODUCT = YES;
			};
			name = Release;
		};
		DA99B01E21B294160084195E /* Debug */ = {
			isa = XCBuildConfiguration;
			buildSettings = {
				ASSETCATALOG_COMPILER_APPICON_NAME = AppIcon;
				CODE_SIGN_STYLE = Automatic;
				DEVELOPMENT_TEAM = 9KEXSWCD6U;
				INFOPLIST_FILE = Noti/Info.plist;
				LD_RUNPATH_SEARCH_PATHS = (
					"$(inherited)",
					"@executable_path/Frameworks",
				);
				PRODUCT_BUNDLE_IDENTIFIER = com.SetiVega.Noti;
				PRODUCT_NAME = "$(TARGET_NAME)";
				SWIFT_VERSION = 5.0;
				TARGETED_DEVICE_FAMILY = 1;
			};
			name = Debug;
		};
		DA99B01F21B294160084195E /* Release */ = {
			isa = XCBuildConfiguration;
			buildSettings = {
				ASSETCATALOG_COMPILER_APPICON_NAME = AppIcon;
				CODE_SIGN_STYLE = Automatic;
				DEVELOPMENT_TEAM = 9KEXSWCD6U;
				INFOPLIST_FILE = Noti/Info.plist;
				LD_RUNPATH_SEARCH_PATHS = (
					"$(inherited)",
					"@executable_path/Frameworks",
				);
				PRODUCT_BUNDLE_IDENTIFIER = com.SetiVega.Noti;
				PRODUCT_NAME = "$(TARGET_NAME)";
				SWIFT_VERSION = 5.0;
				TARGETED_DEVICE_FAMILY = 1;
			};
			name = Release;
		};
/* End XCBuildConfiguration section */

/* Begin XCConfigurationList section */
		DA99B00321B294150084195E /* Build configuration list for PBXProject "Noti" */ = {
			isa = XCConfigurationList;
			buildConfigurations = (
				DA99B01B21B294160084195E /* Debug */,
				DA99B01C21B294160084195E /* Release */,
			);
			defaultConfigurationIsVisible = 0;
			defaultConfigurationName = Release;
		};
		DA99B01D21B294160084195E /* Build configuration list for PBXNativeTarget "Noti" */ = {
			isa = XCConfigurationList;
			buildConfigurations = (
				DA99B01E21B294160084195E /* Debug */,
				DA99B01F21B294160084195E /* Release */,
			);
			defaultConfigurationIsVisible = 0;
			defaultConfigurationName = Release;
		};
/* End XCConfigurationList section */

/* Begin XCVersionGroup section */
		DA99B01221B294150084195E /* Noti.xcdatamodeld */ = {
			isa = XCVersionGroup;
			children = (
				DA99B01321B294150084195E /* Noti.xcdatamodel */,
			);
			currentVersion = DA99B01321B294150084195E /* Noti.xcdatamodel */;
			path = Noti.xcdatamodeld;
			sourceTree = "<group>";
			versionGroupType = wrapper.xcdatamodel;
		};
/* End XCVersionGroup section */
	};
	rootObject = DA99B00021B294150084195E /* Project object */;
}
